
Microsoft Visual Studio Solution File, Format Version 12.00
# Visual Studio Version 16
VisualStudioVersion = 25.0.1706.3
MinimumVisualStudioVersion = 10.0.40219.1
Project("{FAE04EC0-301F-11D3-BF4B-00C04F79EFBC}") = "Bob", "Bob.csproj", "{B5EF3084-37DA-4B4F-8168-082BBE30C8EE}"
EndProject
Global
	GlobalSection(SolutionConfigurationPlatforms) = preSolution
		Debug|Any CPU = Debug|Any CPU
		Release|Any CPU = Release|Any CPU
	EndGlobalSection
	GlobalSection(ProjectConfigurationPlatforms) = postSolution
		{B5EF3084-37DA-4B4F-8168-082BBE30C8EE}.Debug|Any CPU.ActiveCfg = Debug|Any CPU
		{B5EF3084-37DA-4B4F-8168-082BBE30C8EE}.Debug|Any CPU.Build.0 = Debug|Any CPU
		{B5EF3084-37DA-4B4F-8168-082BBE30C8EE}.Release|Any CPU.ActiveCfg = Release|Any CPU
		{B5EF3084-37DA-4B4F-8168-082BBE30C8EE}.Release|Any CPU.Build.0 = Release|Any CPU
	EndGlobalSection
	GlobalSection(SolutionProperties) = preSolution
		HideSolutionNode = FALSE
	EndGlobalSection
	GlobalSection(ExtensibilityGlobals) = postSolution
		SolutionGuid = {398D2C42-FCF7-435A-842C-0637AA5B0010}
	EndGlobalSection
EndGlobal
