
Microsoft Visual Studio Solution File, Format Version 12.00
# Visual Studio Version 16
VisualStudioVersion = 25.0.1706.1
MinimumVisualStudioVersion = 10.0.40219.1
Project("{FAE04EC0-301F-11D3-BF4B-00C04F79EFBC}") = "NeedForSpeed", "NeedForSpeed.csproj", "{110D0C42-A70D-4247-84B0-19B1A543FA76}"
EndProject
Global
	GlobalSection(SolutionConfigurationPlatforms) = preSolution
		Debug|Any CPU = Debug|Any CPU
		Release|Any CPU = Release|Any CPU
	EndGlobalSection
	GlobalSection(ProjectConfigurationPlatforms) = postSolution
		{110D0C42-A70D-4247-84B0-19B1A543FA76}.Debug|Any CPU.ActiveCfg = Debug|Any CPU
		{110D0C42-A70D-4247-84B0-19B1A543FA76}.Debug|Any CPU.Build.0 = Debug|Any CPU
		{110D0C42-A70D-4247-84B0-19B1A543FA76}.Release|Any CPU.ActiveCfg = Release|Any CPU
		{110D0C42-A70D-4247-84B0-19B1A543FA76}.Release|Any CPU.Build.0 = Release|Any CPU
	EndGlobalSection
	GlobalSection(SolutionProperties) = preSolution
		HideSolutionNode = FALSE
	EndGlobalSection
	GlobalSection(ExtensibilityGlobals) = postSolution
		SolutionGuid = {370E73BF-B16A-4DF9-8683-1B29EEFE1EB5}
	EndGlobalSection
EndGlobal
