
Microsoft Visual Studio Solution File, Format Version 12.00
# Visual Studio Version 16
VisualStudioVersion = 25.0.1706.1
MinimumVisualStudioVersion = 10.0.40219.1
Project("{FAE04EC0-301F-11D3-BF4B-00C04F79EFBC}") = "TracksOnTracksOnTracks", "TracksOnTracksOnTracks.csproj", "{8D9E7716-891C-4695-9569-5AC06044642A}"
EndProject
Global
	GlobalSection(SolutionConfigurationPlatforms) = preSolution
		Debug|Any CPU = Debug|Any CPU
		Release|Any CPU = Release|Any CPU
	EndGlobalSection
	GlobalSection(ProjectConfigurationPlatforms) = postSolution
		{8D9E7716-891C-4695-9569-5AC06044642A}.Debug|Any CPU.ActiveCfg = Debug|Any CPU
		{8D9E7716-891C-4695-9569-5AC06044642A}.Debug|Any CPU.Build.0 = Debug|Any CPU
		{8D9E7716-891C-4695-9569-5AC06044642A}.Release|Any CPU.ActiveCfg = Release|Any CPU
		{8D9E7716-891C-4695-9569-5AC06044642A}.Release|Any CPU.Build.0 = Release|Any CPU
	EndGlobalSection
	GlobalSection(SolutionProperties) = preSolution
		HideSolutionNode = FALSE
	EndGlobalSection
	GlobalSection(ExtensibilityGlobals) = postSolution
		SolutionGuid = {F4924CFA-B94E-4BC9-8414-8055881603C9}
	EndGlobalSection
EndGlobal
