
Microsoft Visual Studio Solution File, Format Version 12.00
# Visual Studio Version 16
VisualStudioVersion = 25.0.1706.1
MinimumVisualStudioVersion = 10.0.40219.1
Project("{FAE04EC0-301F-11D3-BF4B-00C04F79EFBC}") = "InterestIsInteresting", "InterestIsInteresting.csproj", "{9663EFE6-83F1-4874-8C3C-7250134F4CDE}"
EndProject
Global
	GlobalSection(SolutionConfigurationPlatforms) = preSolution
		Debug|Any CPU = Debug|Any CPU
		Release|Any CPU = Release|Any CPU
	EndGlobalSection
	GlobalSection(ProjectConfigurationPlatforms) = postSolution
		{9663EFE6-83F1-4874-8C3C-7250134F4CDE}.Debug|Any CPU.ActiveCfg = Debug|Any CPU
		{9663EFE6-83F1-4874-8C3C-7250134F4CDE}.Debug|Any CPU.Build.0 = Debug|Any CPU
		{9663EFE6-83F1-4874-8C3C-7250134F4CDE}.Release|Any CPU.ActiveCfg = Release|Any CPU
		{9663EFE6-83F1-4874-8C3C-7250134F4CDE}.Release|Any CPU.Build.0 = Release|Any CPU
	EndGlobalSection
	GlobalSection(SolutionProperties) = preSolution
		HideSolutionNode = FALSE
	EndGlobalSection
	GlobalSection(ExtensibilityGlobals) = postSolution
		SolutionGuid = {866801A7-3383-4973-90E2-4DBB69776CA4}
	EndGlobalSection
EndGlobal
