
Microsoft Visual Studio Solution File, Format Version 12.00
# Visual Studio Version 16
VisualStudioVersion = 25.0.1706.1
MinimumVisualStudioVersion = 10.0.40219.1
Project("{FAE04EC0-301F-11D3-BF4B-00C04F79EFBC}") = "Pangram", "Pangram.csproj", "{045F92E7-01EA-4754-8F3A-D583DE859291}"
EndProject
Global
	GlobalSection(SolutionConfigurationPlatforms) = preSolution
		Debug|Any CPU = Debug|Any CPU
		Release|Any CPU = Release|Any CPU
	EndGlobalSection
	GlobalSection(ProjectConfigurationPlatforms) = postSolution
		{045F92E7-01EA-4754-8F3A-D583DE859291}.Debug|Any CPU.ActiveCfg = Debug|Any CPU
		{045F92E7-01EA-4754-8F3A-D583DE859291}.Debug|Any CPU.Build.0 = Debug|Any CPU
		{045F92E7-01EA-4754-8F3A-D583DE859291}.Release|Any CPU.ActiveCfg = Release|Any CPU
		{045F92E7-01EA-4754-8F3A-D583DE859291}.Release|Any CPU.Build.0 = Release|Any CPU
	EndGlobalSection
	GlobalSection(SolutionProperties) = preSolution
		HideSolutionNode = FALSE
	EndGlobalSection
	GlobalSection(ExtensibilityGlobals) = postSolution
		SolutionGuid = {47A746D5-9B64-4C27-AD10-057DCB29B8E8}
	EndGlobalSection
EndGlobal
